
Microsoft Visual Studio Solution File, Format Version 12.00
# Visual Studio Version 17
VisualStudioVersion = 17.4.33110.190
MinimumVisualStudioVersion = 10.0.40219.1
Project("{FAE04EC0-301F-11D3-BF4B-00C04F79EFBC}") = "FootballScores", "FootballScores\FootballScores.csproj", "{A880EF45-29A2-42DF-B977-B732ABCE0B67}"
EndProject
Global
	GlobalSection(SolutionConfigurationPlatforms) = preSolution
		Debug|Any CPU = Debug|Any CPU
		Release|Any CPU = Release|Any CPU
	EndGlobalSection
	GlobalSection(ProjectConfigurationPlatforms) = postSolution
		{A880EF45-29A2-42DF-B977-B732ABCE0B67}.Debug|Any CPU.ActiveCfg = Debug|Any CPU
		{A880EF45-29A2-42DF-B977-B732ABCE0B67}.Debug|Any CPU.Build.0 = Debug|Any CPU
		{A880EF45-29A2-42DF-B977-B732ABCE0B67}.Release|Any CPU.ActiveCfg = Release|Any CPU
		{A880EF45-29A2-42DF-B977-B732ABCE0B67}.Release|Any CPU.Build.0 = Release|Any CPU
	EndGlobalSection
	GlobalSection(SolutionProperties) = preSolution
		HideSolutionNode = FALSE
	EndGlobalSection
	GlobalSection(ExtensibilityGlobals) = postSolution
		SolutionGuid = {8E64B6FD-E09E-4EE0-B160-10F269165ABB}
	EndGlobalSection
EndGlobal
